
Microsoft Visual Studio Solution File, Format Version 12.00
# Visual Studio Version 17
VisualStudioVersion = 17.4.33213.308
MinimumVisualStudioVersion = 10.0.40219.1
Project("{FAE04EC0-301F-11D3-BF4B-00C04F79EFBC}") = "20232907_While_Ornek2", "20232907_While_Ornek2\20232907_While_Ornek2.csproj", "{2BBC9FF3-CD7D-4AFC-9366-17CE4F99F113}"
EndProject
Global
	GlobalSection(SolutionConfigurationPlatforms) = preSolution
		Debug|Any CPU = Debug|Any CPU
		Release|Any CPU = Release|Any CPU
	EndGlobalSection
	GlobalSection(ProjectConfigurationPlatforms) = postSolution
		{2BBC9FF3-CD7D-4AFC-9366-17CE4F99F113}.Debug|Any CPU.ActiveCfg = Debug|Any CPU
		{2BBC9FF3-CD7D-4AFC-9366-17CE4F99F113}.Debug|Any CPU.Build.0 = Debug|Any CPU
		{2BBC9FF3-CD7D-4AFC-9366-17CE4F99F113}.Release|Any CPU.ActiveCfg = Release|Any CPU
		{2BBC9FF3-CD7D-4AFC-9366-17CE4F99F113}.Release|Any CPU.Build.0 = Release|Any CPU
	EndGlobalSection
	GlobalSection(SolutionProperties) = preSolution
		HideSolutionNode = FALSE
	EndGlobalSection
	GlobalSection(ExtensibilityGlobals) = postSolution
		SolutionGuid = {B3FED81F-8DEA-42E8-8A0B-ABB515E87BEA}
	EndGlobalSection
EndGlobal
